// !$*UTF8*$!
{
	archiveVersion = 1;
	classes = {
	};
	objectVersion = 50;
	objects = {

/* Begin PBXBuildFile section */
		08612A1223311F35003563E8 /* AppDelegate.swift in Sources */ = {isa = PBXBuildFile; fileRef = 08612A1123311F35003563E8 /* AppDelegate.swift */; };
		08612A1423311F35003563E8 /* ViewController.swift in Sources */ = {isa = PBXBuildFile; fileRef = 08612A1323311F35003563E8 /* ViewController.swift */; };
		08612A1723311F35003563E8 /* Main.storyboard in Resources */ = {isa = PBXBuildFile; fileRef = 08612A1523311F35003563E8 /* Main.storyboard */; };
		08612A1923311F36003563E8 /* Assets.xcassets in Resources */ = {isa = PBXBuildFile; fileRef = 08612A1823311F36003563E8 /* Assets.xcassets */; };
		08612A1C23311F36003563E8 /* LaunchScreen.storyboard in Resources */ = {isa = PBXBuildFile; fileRef = 08612A1A23311F36003563E8 /* LaunchScreen.storyboard */; };
		08612A372331204F003563E8 /* elephant.wav in Resources */ = {isa = PBXBuildFile; fileRef = 08612A272331204E003563E8 /* elephant.wav */; };
		08612A382331204F003563E8 /* huuhkaja_norther_eagle_owl.mp3 in Resources */ = {isa = PBXBuildFile; fileRef = 08612A282331204E003563E8 /* huuhkaja_norther_eagle_owl.mp3 */; };
		08612A392331204F003563E8 /* bear.wav in Resources */ = {isa = PBXBuildFile; fileRef = 08612A292331204E003563E8 /* bear.wav */; };
		08612A3A2331204F003563E8 /* lamb.jpg in Resources */ = {isa = PBXBuildFile; fileRef = 08612A2A2331204E003563E8 /* lamb.jpg */; };
		08612A3B2331204F003563E8 /* punatulkku_northern_bullfinch.mp3 in Resources */ = {isa = PBXBuildFile; fileRef = 08612A2B2331204E003563E8 /* punatulkku_northern_bullfinch.mp3 */; };
		08612A3C2331204F003563E8 /* punatulkku.jpg in Resources */ = {isa = PBXBuildFile; fileRef = 08612A2C2331204E003563E8 /* punatulkku.jpg */; };
		08612A3D2331204F003563E8 /* wolf.jpg in Resources */ = {isa = PBXBuildFile; fileRef = 08612A2D2331204E003563E8 /* wolf.jpg */; };
		08612A3E2331204F003563E8 /* lamb.wav in Resources */ = {isa = PBXBuildFile; fileRef = 08612A2E2331204E003563E8 /* lamb.wav */; };
		08612A3F2331204F003563E8 /* peukaloinen_wren.mp3 in Resources */ = {isa = PBXBuildFile; fileRef = 08612A2F2331204E003563E8 /* peukaloinen_wren.mp3 */; };
		08612A402331204F003563E8 /* wolf.wav in Resources */ = {isa = PBXBuildFile; fileRef = 08612A302331204F003563E8 /* wolf.wav */; };
		08612A412331204F003563E8 /* elephant.jpg in Resources */ = {isa = PBXBuildFile; fileRef = 08612A312331204F003563E8 /* elephant.jpg */; };
		08612A422331204F003563E8 /* peukaloinen.jpg in Resources */ = {isa = PBXBuildFile; fileRef = 08612A322331204F003563E8 /* peukaloinen.jpg */; };
		08612A432331204F003563E8 /* peippo_chaffinch.mp3 in Resources */ = {isa = PBXBuildFile; fileRef = 08612A332331204F003563E8 /* peippo_chaffinch.mp3 */; };
		08612A442331204F003563E8 /* huuhkaja.jpg in Resources */ = {isa = PBXBuildFile; fileRef = 08612A342331204F003563E8 /* huuhkaja.jpg */; };
		08612A452331204F003563E8 /* peippo.jpg in Resources */ = {isa = PBXBuildFile; fileRef = 08612A352331204F003563E8 /* peippo.jpg */; };
		08612A462331204F003563E8 /* bear.jpg in Resources */ = {isa = PBXBuildFile; fileRef = 08612A362331204F003563E8 /* bear.jpg */; };
/* End PBXBuildFile section */

/* Begin PBXFileReference section */
		08612A0E23311F35003563E8 /* Ios_Labra4_teht1.app */ = {isa = PBXFileReference; explicitFileType = wrapper.application; includeInIndex = 0; path = Ios_Labra4_teht1.app; sourceTree = BUILT_PRODUCTS_DIR; };
		08612A1123311F35003563E8 /* AppDelegate.swift */ = {isa = PBXFileReference; lastKnownFileType = sourcecode.swift; path = AppDelegate.swift; sourceTree = "<group>"; };
		08612A1323311F35003563E8 /* ViewController.swift */ = {isa = PBXFileReference; lastKnownFileType = sourcecode.swift; path = ViewController.swift; sourceTree = "<group>"; };
		08612A1623311F35003563E8 /* Base */ = {isa = PBXFileReference; lastKnownFileType = file.storyboard; name = Base; path = Base.lproj/Main.storyboard; sourceTree = "<group>"; };
		08612A1823311F36003563E8 /* Assets.xcassets */ = {isa = PBXFileReference; lastKnownFileType = folder.assetcatalog; path = Assets.xcassets; sourceTree = "<group>"; };
		08612A1B23311F36003563E8 /* Base */ = {isa = PBXFileReference; lastKnownFileType = file.storyboard; name = Base; path = Base.lproj/LaunchScreen.storyboard; sourceTree = "<group>"; };
		08612A1D23311F36003563E8 /* Info.plist */ = {isa = PBXFileReference; lastKnownFileType = text.plist.xml; path = Info.plist; sourceTree = "<group>"; };
		08612A272331204E003563E8 /* elephant.wav */ = {isa = PBXFileReference; lastKnownFileType = audio.wav; path = elephant.wav; sourceTree = "<group>"; };
		08612A282331204E003563E8 /* huuhkaja_norther_eagle_owl.mp3 */ = {isa = PBXFileReference; lastKnownFileType = audio.mp3; path = huuhkaja_norther_eagle_owl.mp3; sourceTree = "<group>"; };
		08612A292331204E003563E8 /* bear.wav */ = {isa = PBXFileReference; lastKnownFileType = audio.wav; path = bear.wav; sourceTree = "<group>"; };
		08612A2A2331204E003563E8 /* lamb.jpg */ = {isa = PBXFileReference; lastKnownFileType = image.jpeg; path = lamb.jpg; sourceTree = "<group>"; };
		08612A2B2331204E003563E8 /* punatulkku_northern_bullfinch.mp3 */ = {isa = PBXFileReference; lastKnownFileType = audio.mp3; path = punatulkku_northern_bullfinch.mp3; sourceTree = "<group>"; };
		08612A2C2331204E003563E8 /* punatulkku.jpg */ = {isa = PBXFileReference; lastKnownFileType = image.jpeg; path = punatulkku.jpg; sourceTree = "<group>"; };
		08612A2D2331204E003563E8 /* wolf.jpg */ = {isa = PBXFileReference; lastKnownFileType = image.jpeg; path = wolf.jpg; sourceTree = "<group>"; };
		08612A2E2331204E003563E8 /* lamb.wav */ = {isa = PBXFileReference; lastKnownFileType = audio.wav; path = lamb.wav; sourceTree = "<group>"; };
		08612A2F2331204E003563E8 /* peukaloinen_wren.mp3 */ = {isa = PBXFileReference; lastKnownFileType = audio.mp3; path = peukaloinen_wren.mp3; sourceTree = "<group>"; };
		08612A302331204F003563E8 /* wolf.wav */ = {isa = PBXFileReference; lastKnownFileType = audio.wav; path = wolf.wav; sourceTree = "<group>"; };
		08612A312331204F003563E8 /* elephant.jpg */ = {isa = PBXFileReference; lastKnownFileType = image.jpeg; path = elephant.jpg; sourceTree = "<group>"; };
		08612A322331204F003563E8 /* peukaloinen.jpg */ = {isa = PBXFileReference; lastKnownFileType = image.jpeg; path = peukaloinen.jpg; sourceTree = "<group>"; };
		08612A332331204F003563E8 /* peippo_chaffinch.mp3 */ = {isa = PBXFileReference; lastKnownFileType = audio.mp3; path = peippo_chaffinch.mp3; sourceTree = "<group>"; };
		08612A342331204F003563E8 /* huuhkaja.jpg */ = {isa = PBXFileReference; lastKnownFileType = image.jpeg; path = huuhkaja.jpg; sourceTree = "<group>"; };
		08612A352331204F003563E8 /* peippo.jpg */ = {isa = PBXFileReference; lastKnownFileType = image.jpeg; path = peippo.jpg; sourceTree = "<group>"; };
		08612A362331204F003563E8 /* bear.jpg */ = {isa = PBXFileReference; lastKnownFileType = image.jpeg; path = bear.jpg; sourceTree = "<group>"; };
/* End PBXFileReference section */

/* Begin PBXFrameworksBuildPhase section */
		08612A0B23311F34003563E8 /* Frameworks */ = {
			isa = PBXFrameworksBuildPhase;
			buildActionMask = 2147483647;
			files = (
			);
			runOnlyForDeploymentPostprocessing = 0;
		};
/* End PBXFrameworksBuildPhase section */

/* Begin PBXGroup section */
		08612A0523311F34003563E8 = {
			isa = PBXGroup;
			children = (
				08612A1023311F35003563E8 /* Ios_Labra4_teht1 */,
				08612A0F23311F35003563E8 /* Products */,
			);
			sourceTree = "<group>";
		};
		08612A0F23311F35003563E8 /* Products */ = {
			isa = PBXGroup;
			children = (
				08612A0E23311F35003563E8 /* Ios_Labra4_teht1.app */,
			);
			name = Products;
			sourceTree = "<group>";
		};
		08612A1023311F35003563E8 /* Ios_Labra4_teht1 */ = {
			isa = PBXGroup;
			children = (
				08612A2423311FA3003563E8 /* res */,
				08612A1123311F35003563E8 /* AppDelegate.swift */,
				08612A1323311F35003563E8 /* ViewController.swift */,
				08612A1523311F35003563E8 /* Main.storyboard */,
				08612A1823311F36003563E8 /* Assets.xcassets */,
				08612A1A23311F36003563E8 /* LaunchScreen.storyboard */,
				08612A1D23311F36003563E8 /* Info.plist */,
			);
			path = Ios_Labra4_teht1;
			sourceTree = "<group>";
		};
		08612A2423311FA3003563E8 /* res */ = {
			isa = PBXGroup;
			children = (
				08612A362331204F003563E8 /* bear.jpg */,
				08612A292331204E003563E8 /* bear.wav */,
				08612A312331204F003563E8 /* elephant.jpg */,
				08612A272331204E003563E8 /* elephant.wav */,
				08612A282331204E003563E8 /* huuhkaja_norther_eagle_owl.mp3 */,
				08612A342331204F003563E8 /* huuhkaja.jpg */,
				08612A2A2331204E003563E8 /* lamb.jpg */,
				08612A2E2331204E003563E8 /* lamb.wav */,
				08612A332331204F003563E8 /* peippo_chaffinch.mp3 */,
				08612A352331204F003563E8 /* peippo.jpg */,
				08612A2F2331204E003563E8 /* peukaloinen_wren.mp3 */,
				08612A322331204F003563E8 /* peukaloinen.jpg */,
				08612A2B2331204E003563E8 /* punatulkku_northern_bullfinch.mp3 */,
				08612A2C2331204E003563E8 /* punatulkku.jpg */,
				08612A2D2331204E003563E8 /* wolf.jpg */,
				08612A302331204F003563E8 /* wolf.wav */,
			);
			path = res;
			sourceTree = "<group>";
		};
/* End PBXGroup section */

/* Begin PBXNativeTarget section */
		08612A0D23311F34003563E8 /* Ios_Labra4_teht1 */ = {
			isa = PBXNativeTarget;
			buildConfigurationList = 08612A2023311F36003563E8 /* Build configuration list for PBXNativeTarget "Ios_Labra4_teht1" */;
			buildPhases = (
				08612A0A23311F34003563E8 /* Sources */,
				08612A0B23311F34003563E8 /* Frameworks */,
				08612A0C23311F34003563E8 /* Resources */,
			);
			buildRules = (
			);
			dependencies = (
			);
			name = Ios_Labra4_teht1;
			productName = Ios_Labra4_teht1;
			productReference = 08612A0E23311F35003563E8 /* Ios_Labra4_teht1.app */;
			productType = "com.apple.product-type.application";
		};
/* End PBXNativeTarget section */

/* Begin PBXProject section */
		08612A0623311F34003563E8 /* Project object */ = {
			isa = PBXProject;
			attributes = {
				LastSwiftUpdateCheck = 1030;
				LastUpgradeCheck = 1030;
				ORGANIZATIONNAME = "Saku Huuha";
				TargetAttributes = {
					08612A0D23311F34003563E8 = {
						CreatedOnToolsVersion = 10.3;
					};
				};
			};
			buildConfigurationList = 08612A0923311F34003563E8 /* Build configuration list for PBXProject "Ios_Labra4_teht1" */;
			compatibilityVersion = "Xcode 9.3";
			developmentRegion = en;
			hasScannedForEncodings = 0;
			knownRegions = (
				en,
				Base,
			);
			mainGroup = 08612A0523311F34003563E8;
			productRefGroup = 08612A0F23311F35003563E8 /* Products */;
			projectDirPath = "";
			projectRoot = "";
			targets = (
				08612A0D23311F34003563E8 /* Ios_Labra4_teht1 */,
			);
		};
/* End PBXProject section */

/* Begin PBXResourcesBuildPhase section */
		08612A0C23311F34003563E8 /* Resources */ = {
			isa = PBXResourcesBuildPhase;
			buildActionMask = 2147483647;
			files = (
				08612A3B2331204F003563E8 /* punatulkku_northern_bullfinch.mp3 in Resources */,
				08612A3D2331204F003563E8 /* wolf.jpg in Resources */,
				08612A392331204F003563E8 /* bear.wav in Resources */,
				08612A1C23311F36003563E8 /* LaunchScreen.storyboard in Resources */,
				08612A3A2331204F003563E8 /* lamb.jpg in Resources */,
				08612A382331204F003563E8 /* huuhkaja_norther_eagle_owl.mp3 in Resources */,
				08612A372331204F003563E8 /* elephant.wav in Resources */,
				08612A462331204F003563E8 /* bear.jpg in Resources */,
				08612A442331204F003563E8 /* huuhkaja.jpg in Resources */,
				08612A402331204F003563E8 /* wolf.wav in Resources */,
				08612A432331204F003563E8 /* peippo_chaffinch.mp3 in Resources */,
				08612A422331204F003563E8 /* peukaloinen.jpg in Resources */,
				08612A3C2331204F003563E8 /* punatulkku.jpg in Resources */,
				08612A452331204F003563E8 /* peippo.jpg in Resources */,
				08612A3F2331204F003563E8 /* peukaloinen_wren.mp3 in Resources */,
				08612A1923311F36003563E8 /* Assets.xcassets in Resources */,
				08612A1723311F35003563E8 /* Main.storyboard in Resources */,
				08612A412331204F003563E8 /* elephant.jpg in Resources */,
				08612A3E2331204F003563E8 /* lamb.wav in Resources */,
			);
			runOnlyForDeploymentPostprocessing = 0;
		};
/* End PBXResourcesBuildPhase section */

/* Begin PBXSourcesBuildPhase section */
		08612A0A23311F34003563E8 /* Sources */ = {
			isa = PBXSourcesBuildPhase;
			buildActionMask = 2147483647;
			files = (
				08612A1423311F35003563E8 /* ViewController.swift in Sources */,
				08612A1223311F35003563E8 /* AppDelegate.swift in Sources */,
			);
			runOnlyForDeploymentPostprocessing = 0;
		};
/* End PBXSourcesBuildPhase section */

/* Begin PBXVariantGroup section */
		08612A1523311F35003563E8 /* Main.storyboard */ = {
			isa = PBXVariantGroup;
			children = (
				08612A1623311F35003563E8 /* Base */,
			);
			name = Main.storyboard;
			sourceTree = "<group>";
		};
		08612A1A23311F36003563E8 /* LaunchScreen.storyboard */ = {
			isa = PBXVariantGroup;
			children = (
				08612A1B23311F36003563E8 /* Base */,
			);
			name = LaunchScreen.storyboard;
			sourceTree = "<group>";
		};
/* End PBXVariantGroup section */

/* Begin XCBuildConfiguration section */
		08612A1E23311F36003563E8 /* Debug */ = {
			isa = XCBuildConfiguration;
			buildSettings = {
				ALWAYS_SEARCH_USER_PATHS = NO;
				CLANG_ANALYZER_NONNULL = YES;
				CLANG_ANALYZER_NUMBER_OBJECT_CONVERSION = YES_AGGRESSIVE;
				CLANG_CXX_LANGUAGE_STANDARD = "gnu++14";
				CLANG_CXX_LIBRARY = "libc++";
				CLANG_ENABLE_MODULES = YES;
				CLANG_ENABLE_OBJC_ARC = YES;
				CLANG_ENABLE_OBJC_WEAK = YES;
				CLANG_WARN_BLOCK_CAPTURE_AUTORELEASING = YES;
				CLANG_WARN_BOOL_CONVERSION = YES;
				CLANG_WARN_COMMA = YES;
				CLANG_WARN_CONSTANT_CONVERSION = YES;
				CLANG_WARN_DEPRECATED_OBJC_IMPLEMENTATIONS = YES;
				CLANG_WARN_DIRECT_OBJC_ISA_USAGE = YES_ERROR;
				CLANG_WARN_DOCUMENTATION_COMMENTS = YES;
				CLANG_WARN_EMPTY_BODY = YES;
				CLANG_WARN_ENUM_CONVERSION = YES;
				CLANG_WARN_INFINITE_RECURSION = YES;
				CLANG_WARN_INT_CONVERSION = YES;
				CLANG_WARN_NON_LITERAL_NULL_CONVERSION = YES;
				CLANG_WARN_OBJC_IMPLICIT_RETAIN_SELF = YES;
				CLANG_WARN_OBJC_LITERAL_CONVERSION = YES;
				CLANG_WARN_OBJC_ROOT_CLASS = YES_ERROR;
				CLANG_WARN_RANGE_LOOP_ANALYSIS = YES;
				CLANG_WARN_STRICT_PROTOTYPES = YES;
				CLANG_WARN_SUSPICIOUS_MOVE = YES;
				CLANG_WARN_UNGUARDED_AVAILABILITY = YES_AGGRESSIVE;
				CLANG_WARN_UNREACHABLE_CODE = YES;
				CLANG_WARN__DUPLICATE_METHOD_MATCH = YES;
				CODE_SIGN_IDENTITY = "iPhone Developer";
				COPY_PHASE_STRIP = NO;
				DEBUG_INFORMATION_FORMAT = dwarf;
				ENABLE_STRICT_OBJC_MSGSEND = YES;
				ENABLE_TESTABILITY = YES;
				GCC_C_LANGUAGE_STANDARD = gnu11;
				GCC_DYNAMIC_NO_PIC = NO;
				GCC_NO_COMMON_BLOCKS = YES;
				GCC_OPTIMIZATION_LEVEL = 0;
				GCC_PREPROCESSOR_DEFINITIONS = (
					"DEBUG=1",
					"$(inherited)",
				);
				GCC_WARN_64_TO_32_BIT_CONVERSION = YES;
				GCC_WARN_ABOUT_RETURN_TYPE = YES_ERROR;
				GCC_WARN_UNDECLARED_SELECTOR = YES;
				GCC_WARN_UNINITIALIZED_AUTOS = YES_AGGRESSIVE;
				GCC_WARN_UNUSED_FUNCTION = YES;
				GCC_WARN_UNUSED_VARIABLE = YES;
				IPHONEOS_DEPLOYMENT_TARGET = 12.4;
				MTL_ENABLE_DEBUG_INFO = INCLUDE_SOURCE;
				MTL_FAST_MATH = YES;
				ONLY_ACTIVE_ARCH = YES;
				SDKROOT = iphoneos;
				SWIFT_ACTIVE_COMPILATION_CONDITIONS = DEBUG;
				SWIFT_OPTIMIZATION_LEVEL = "-Onone";
			};
			name = Debug;
		};
		08612A1F23311F36003563E8 /* Release */ = {
			isa = XCBuildConfiguration;
			buildSettings = {
				ALWAYS_SEARCH_USER_PATHS = NO;
				CLANG_ANALYZER_NONNULL = YES;
				CLANG_ANALYZER_NUMBER_OBJECT_CONVERSION = YES_AGGRESSIVE;
				CLANG_CXX_LANGUAGE_STANDARD = "gnu++14";
				CLANG_CXX_LIBRARY = "libc++";
				CLANG_ENABLE_MODULES = YES;
				CLANG_ENABLE_OBJC_ARC = YES;
				CLANG_ENABLE_OBJC_WEAK = YES;
				CLANG_WARN_BLOCK_CAPTURE_AUTORELEASING = YES;
				CLANG_WARN_BOOL_CONVERSION = YES;
				CLANG_WARN_COMMA = YES;
				CLANG_WARN_CONSTANT_CONVERSION = YES;
				CLANG_WARN_DEPRECATED_OBJC_IMPLEMENTATIONS = YES;
				CLANG_WARN_DIRECT_OBJC_ISA_USAGE = YES_ERROR;
				CLANG_WARN_DOCUMENTATION_COMMENTS = YES;
				CLANG_WARN_EMPTY_BODY = YES;
				CLANG_WARN_ENUM_CONVERSION = YES;
				CLANG_WARN_INFINITE_RECURSION = YES;
				CLANG_WARN_INT_CONVERSION = YES;
				CLANG_WARN_NON_LITERAL_NULL_CONVERSION = YES;
				CLANG_WARN_OBJC_IMPLICIT_RETAIN_SELF = YES;
				CLANG_WARN_OBJC_LITERAL_CONVERSION = YES;
				CLANG_WARN_OBJC_ROOT_CLASS = YES_ERROR;
				CLANG_WARN_RANGE_LOOP_ANALYSIS = YES;
				CLANG_WARN_STRICT_PROTOTYPES = YES;
				CLANG_WARN_SUSPICIOUS_MOVE = YES;
				CLANG_WARN_UNGUARDED_AVAILABILITY = YES_AGGRESSIVE;
				CLANG_WARN_UNREACHABLE_CODE = YES;
				CLANG_WARN__DUPLICATE_METHOD_MATCH = YES;
				CODE_SIGN_IDENTITY = "iPhone Developer";
				COPY_PHASE_STRIP = NO;
				DEBUG_INFORMATION_FORMAT = "dwarf-with-dsym";
				ENABLE_NS_ASSERTIONS = NO;
				ENABLE_STRICT_OBJC_MSGSEND = YES;
				GCC_C_LANGUAGE_STANDARD = gnu11;
				GCC_NO_COMMON_BLOCKS = YES;
				GCC_WARN_64_TO_32_BIT_CONVERSION = YES;
				GCC_WARN_ABOUT_RETURN_TYPE = YES_ERROR;
				GCC_WARN_UNDECLARED_SELECTOR = YES;
				GCC_WARN_UNINITIALIZED_AUTOS = YES_AGGRESSIVE;
				GCC_WARN_UNUSED_FUNCTION = YES;
				GCC_WARN_UNUSED_VARIABLE = YES;
				IPHONEOS_DEPLOYMENT_TARGET = 12.4;
				MTL_ENABLE_DEBUG_INFO = NO;
				MTL_FAST_MATH = YES;
				SDKROOT = iphoneos;
				SWIFT_COMPILATION_MODE = wholemodule;
				SWIFT_OPTIMIZATION_LEVEL = "-O";
				VALIDATE_PRODUCT = YES;
			};
			name = Release;
		};
		08612A2123311F36003563E8 /* Debug */ = {
			isa = XCBuildConfiguration;
			buildSettings = {
				ASSETCATALOG_COMPILER_APPICON_NAME = AppIcon;
				CODE_SIGN_STYLE = Automatic;
				INFOPLIST_FILE = Ios_Labra4_teht1/Info.plist;
				LD_RUNPATH_SEARCH_PATHS = (
					"$(inherited)",
					"@executable_path/Frameworks",
				);
				PRODUCT_BUNDLE_IDENTIFIER = "com.oamk.sakuhuuha.Ios-Labra4-teht1";
				PRODUCT_NAME = "$(TARGET_NAME)";
				SWIFT_VERSION = 5.0;
				TARGETED_DEVICE_FAMILY = "1,2";
			};
			name = Debug;
		};
		08612A2223311F36003563E8 /* Release */ = {
			isa = XCBuildConfiguration;
			buildSettings = {
				ASSETCATALOG_COMPILER_APPICON_NAME = AppIcon;
				CODE_SIGN_STYLE = Automatic;
				INFOPLIST_FILE = Ios_Labra4_teht1/Info.plist;
				LD_RUNPATH_SEARCH_PATHS = (
					"$(inherited)",
					"@executable_path/Frameworks",
				);
				PRODUCT_BUNDLE_IDENTIFIER = "com.oamk.sakuhuuha.Ios-Labra4-teht1";
				PRODUCT_NAME = "$(TARGET_NAME)";
				SWIFT_VERSION = 5.0;
				TARGETED_DEVICE_FAMILY = "1,2";
			};
			name = Release;
		};
/* End XCBuildConfiguration section */

/* Begin XCConfigurationList section */
		08612A0923311F34003563E8 /* Build configuration list for PBXProject "Ios_Labra4_teht1" */ = {
			isa = XCConfigurationList;
			buildConfigurations = (
				08612A1E23311F36003563E8 /* Debug */,
				08612A1F23311F36003563E8 /* Release */,
			);
			defaultConfigurationIsVisible = 0;
			defaultConfigurationName = Release;
		};
		08612A2023311F36003563E8 /* Build configuration list for PBXNativeTarget "Ios_Labra4_teht1" */ = {
			isa = XCConfigurationList;
			buildConfigurations = (
				08612A2123311F36003563E8 /* Debug */,
				08612A2223311F36003563E8 /* Release */,
			);
			defaultConfigurationIsVisible = 0;
			defaultConfigurationName = Release;
		};
/* End XCConfigurationList section */
	};
	rootObject = 08612A0623311F34003563E8 /* Project object */;
}
